
Microsoft Visual Studio Solution File, Format Version 12.00
# Visual Studio Version 17
VisualStudioVersion = 17.12.35527.113 d17.12
MinimumVisualStudioVersion = 10.0.40219.1
Project("{FAE04EC0-301F-11D3-BF4B-00C04F79EFBC}") = "testando dicionario", "testando dicionario\testando dicionario.csproj", "{A01511A8-771E-464C-8A1C-8C2FAD53100F}"
EndProject
Global
	GlobalSection(SolutionConfigurationPlatforms) = preSolution
		Debug|Any CPU = Debug|Any CPU
		Release|Any CPU = Release|Any CPU
	EndGlobalSection
	GlobalSection(ProjectConfigurationPlatforms) = postSolution
		{A01511A8-771E-464C-8A1C-8C2FAD53100F}.Debug|Any CPU.ActiveCfg = Debug|Any CPU
		{A01511A8-771E-464C-8A1C-8C2FAD53100F}.Debug|Any CPU.Build.0 = Debug|Any CPU
		{A01511A8-771E-464C-8A1C-8C2FAD53100F}.Release|Any CPU.ActiveCfg = Release|Any CPU
		{A01511A8-771E-464C-8A1C-8C2FAD53100F}.Release|Any CPU.Build.0 = Release|Any CPU
	EndGlobalSection
	GlobalSection(SolutionProperties) = preSolution
		HideSolutionNode = FALSE
	EndGlobalSection
EndGlobal
